
Microsoft Visual Studio Solution File, Format Version 12.00
# Visual Studio Version 17
VisualStudioVersion = 17.0.31912.275
MinimumVisualStudioVersion = 10.0.40219.1
Project("{9A19103F-16F7-4668-BE54-9A1E7A4F7556}") = "ProblemaProduto", "ProblemaProduto.csproj", "{4E030BA3-131B-4463-9486-8F2D7849BF76}"
EndProject
Global
	GlobalSection(SolutionConfigurationPlatforms) = preSolution
		Debug|Any CPU = Debug|Any CPU
		Release|Any CPU = Release|Any CPU
	EndGlobalSection
	GlobalSection(ProjectConfigurationPlatforms) = postSolution
		{4E030BA3-131B-4463-9486-8F2D7849BF76}.Debug|Any CPU.ActiveCfg = Debug|Any CPU
		{4E030BA3-131B-4463-9486-8F2D7849BF76}.Debug|Any CPU.Build.0 = Debug|Any CPU
		{4E030BA3-131B-4463-9486-8F2D7849BF76}.Release|Any CPU.ActiveCfg = Release|Any CPU
		{4E030BA3-131B-4463-9486-8F2D7849BF76}.Release|Any CPU.Build.0 = Release|Any CPU
	EndGlobalSection
	GlobalSection(SolutionProperties) = preSolution
		HideSolutionNode = FALSE
	EndGlobalSection
	GlobalSection(ExtensibilityGlobals) = postSolution
		SolutionGuid = {8FDD71DE-2F06-4841-A48F-7AC176D2953A}
	EndGlobalSection
EndGlobal
